
Microsoft Visual Studio Solution File, Format Version 12.00
Project("{2150E333-8FDC-42A3-9474-1A3956D46DE8}") = "src", "src", "{5F749BCF-7099-4989-8C5D-B42A288A9401}"
EndProject
Project("{F2A71F9B-5D33-465A-A702-920D77279786}") = "Kuby", "src\Kuby\Kuby.fsproj", "{7D166352-7A64-4F57-8FF0-1010443F3A90}"
EndProject
Project("{9A19103F-16F7-4668-BE54-9A1E7A4F7556}") = "_build", "build\_build.csproj", "{6096BE1B-F368-4338-AD7D-1C6098BF41AF}"
EndProject
Project("{2150E333-8FDC-42A3-9474-1A3956D46DE8}") = "build", "build", "{F4315FC3-2F26-41B4-92A6-DFECBB23C345}"
EndProject
Global
	GlobalSection(SolutionConfigurationPlatforms) = preSolution
		Debug|Any CPU = Debug|Any CPU
		Release|Any CPU = Release|Any CPU
	EndGlobalSection
	GlobalSection(ProjectConfigurationPlatforms) = postSolution
		{6096BE1B-F368-4338-AD7D-1C6098BF41AF}.Debug|Any CPU.ActiveCfg = Debug|Any CPU
		{6096BE1B-F368-4338-AD7D-1C6098BF41AF}.Release|Any CPU.ActiveCfg = Release|Any CPU
		{7D166352-7A64-4F57-8FF0-1010443F3A90}.Debug|Any CPU.ActiveCfg = Debug|Any CPU
		{7D166352-7A64-4F57-8FF0-1010443F3A90}.Debug|Any CPU.Build.0 = Debug|Any CPU
		{7D166352-7A64-4F57-8FF0-1010443F3A90}.Release|Any CPU.ActiveCfg = Release|Any CPU
		{7D166352-7A64-4F57-8FF0-1010443F3A90}.Release|Any CPU.Build.0 = Release|Any CPU
	EndGlobalSection
	GlobalSection(NestedProjects) = preSolution
		{7D166352-7A64-4F57-8FF0-1010443F3A90} = {5F749BCF-7099-4989-8C5D-B42A288A9401}
		{6096BE1B-F368-4338-AD7D-1C6098BF41AF} = {F4315FC3-2F26-41B4-92A6-DFECBB23C345}
	EndGlobalSection
EndGlobal
